version = 1
revision = 3
requires-python = ">=3.12"

[[package]]
name = "microarena"
version = "0.1.0"
source = { virtual = "." }
dependencies = [
    { name = "pexpect" },
    { name = "yappi" },
]

[package.metadata]
requires-dist = [
    { name = "pexpect", specifier = ">=4.9.0" },
    { name = "yappi", specifier = ">=1.7.3" },
]

[[package]]
name = "pexpect"
version = "4.9.0"
source = { registry = "https://pypi.org/simple" }
dependencies = [
    { name = "ptyprocess" },
]
sdist = { url = "https://files.pythonhosted.org/packages/42/92/cc564bf6381ff43ce1f4d06852fc19a2f11d180f23dc32d9588bee2f149d/pexpect-4.9.0.tar.gz", hash = "sha256:ee7d41123f3c9911050ea2c2dac107568dc43b2d3b0c7557a33212c398ead30f", size = 166450, upload-time = "2023-11-25T09:07:26.339Z" }
wheels = [
    { url = "https://files.pythonhosted.org/packages/9e/c3/059298687310d527a58bb01f3b1965787ee3b40dce76752eda8b44e9a2c5/pexpect-4.9.0-py2.py3-none-any.whl", hash = "sha256:7236d1e080e4936be2dc3e326cec0af72acf9212a7e1d060210e70a47e253523", size = 63772, upload-time = "2023-11-25T06:56:14.81Z" },
]

[[package]]
name = "ptyprocess"
version = "0.7.0"
source = { registry = "https://pypi.org/simple" }
sdist = { url = "https://files.pythonhosted.org/packages/20/e5/16ff212c1e452235a90aeb09066144d0c5a6a8c0834397e03f5224495c4e/ptyprocess-0.7.0.tar.gz", hash = "sha256:5c5d0a3b48ceee0b48485e0c26037c0acd7d29765ca3fbb5cb3831d347423220", size = 70762, upload-time = "2020-12-28T15:15:30.155Z" }
wheels = [
    { url = "https://files.pythonhosted.org/packages/22/a6/858897256d0deac81a172289110f31629fc4cee19b6f01283303e18c8db3/ptyprocess-0.7.0-py2.py3-none-any.whl", hash = "sha256:4b41f3967fce3af57cc7e94b888626c18bf37a083e3651ca8feeb66d492fef35", size = 13993, upload-time = "2020-12-28T15:15:28.35Z" },
]

[[package]]
name = "yappi"
version = "1.7.3"
source = { registry = "https://pypi.org/simple" }
sdist = { url = "https://files.pythonhosted.org/packages/00/76/264b149c6a11bb9094336c87d904953d4ba05eb0a4172e7e2d6523285a48/yappi-1.7.3.tar.gz", hash = "sha256:bef71ad0595b600261668dcb1e18b935a7117a724c04d7be60d9d246e32d0928", size = 59594, upload-time = "2025-10-24T11:17:20.156Z" }
wheels = [
    { url = "https://files.pythonhosted.org/packages/59/ea/a4bdae99d0463dff28c53b07f9a98333064e28335a0513ad26c9f8b7464a/yappi-1.7.3-cp312-cp312-macosx_10_13_x86_64.whl", hash = "sha256:835ba8b6078aa480c185c43e70489d6f7730d3c3570a51451d1f9e29f0fdecf5", size = 32965, upload-time = "2025-10-24T11:16:36.217Z" },
    { url = "https://files.pythonhosted.org/packages/de/9e/ac369cf4b42676b24684cd7bb16a439b76a46d8d1fe5abe13f88c5dabe48/yappi-1.7.3-cp312-cp312-macosx_11_0_arm64.whl", hash = "sha256:a23419753961c523a4d98799e199b32e7102bc1b4bd2279199e63e9bc37c0874", size = 32901, upload-time = "2025-10-24T11:16:37.042Z" },
    { url = "https://files.pythonhosted.org/packages/e3/59/f85c08afbc3e0c344d27a00978438a15f384bf1f0bfc1761df66e5141edd/yappi-1.7.3-cp312-cp312-manylinux2014_aarch64.manylinux_2_17_aarch64.manylinux_2_28_aarch64.whl", hash = "sha256:2b26c062c072ee1831d77cf06f8a812dc0cbcac63ef2f5b4cc6b4e67718603b6", size = 81700, upload-time = "2025-10-24T11:16:37.831Z" },
    { url = "https://files.pythonhosted.org/packages/76/ff/eb0a78fbea9aff0e5aa49932cc471381dd3bf9be500893d3fd72d17bf132/yappi-1.7.3-cp312-cp312-manylinux2014_x86_64.manylinux_2_17_x86_64.manylinux_2_28_x86_64.whl", hash = "sha256:54d17fb356f2cfbb4862901d05cf686bddd46d5e5d3b4bbcb3a0ead3d4fac77d", size = 81291, upload-time = "2025-10-24T11:16:39.083Z" },
    { url = "https://files.pythonhosted.org/packages/64/02/6df059b9c0d9932561e4a6e1e7495cc97a909895d0278b034eddbad1da62/yappi-1.7.3-cp312-cp312-musllinux_1_2_aarch64.whl", hash = "sha256:6c62600783a0cf659c46324264996489fc6348dfc113faaf31b7c9af8e747133", size = 79029, upload-time = "2025-10-24T11:16:39.953Z" },
    { url = "https://files.pythonhosted.org/packages/e8/ab/e2787c5d1261e08eec6682b76ba39d4a0ace5fa4e778f8255e82c6a7d4e0/yappi-1.7.3-cp312-cp312-musllinux_1_2_x86_64.whl", hash = "sha256:0cb41e4243907368d24081a4acd45d9dfa0867c8cb372491bb00d774f03fb21f", size = 79163, upload-time = "2025-10-24T11:16:41.203Z" },
    { url = "https://files.pythonhosted.org/packages/51/c0/ffb170e9e648c9d623648427e738a8d42ad708c7f2ad4413d84533bdfa7e/yappi-1.7.3-cp312-cp312-win32.whl", hash = "sha256:b93bbf4e6951c1ace9687ac6b027c4b14a581359f233b2dfb21108fe08650397", size = 32608, upload-time = "2025-10-24T11:16:42.11Z" },
    { url = "https://files.pythonhosted.org/packages/04/2c/5cf8208f904644568c1fb74ddd6ed3ed2eccfccb239f0d72386d1cb69c6f/yappi-1.7.3-cp312-cp312-win_amd64.whl", hash = "sha256:396c183dd0ab93532f2fe5c1742b96e136846d56c249b85e72b653af56d11352", size = 34962, upload-time = "2025-10-24T11:16:43.565Z" },
    { url = "https://files.pythonhosted.org/packages/bd/de/f4d21b20c1e6d825977888e1dcf77070709ece92c3e479deb10b55c61e31/yappi-1.7.3-cp312-cp312-win_arm64.whl", hash = "sha256:0317c9bf8908437578cb7661d2d5786043d2817b0377bb1e493669a1f1dbad76", size = 32591, upload-time = "2025-10-24T11:16:44.442Z" },
    { url = "https://files.pythonhosted.org/packages/cb/31/5a474c37184b5202afd52fcc669f05af830a856b54191b5889fce9f67c1c/yappi-1.7.3-cp313-cp313-macosx_10_13_x86_64.whl", hash = "sha256:3150e3a19f42baa5438b1b171d8b6f71a6c1da04bc6a4a494508b9acdda4f280", size = 32991, upload-time = "2025-10-24T11:16:45.371Z" },
    { url = "https://files.pythonhosted.org/packages/f7/67/34cb8bc23d57574e552ad14c5b414d05b97ff9fe82083b88d42d8519c4e8/yappi-1.7.3-cp313-cp313-macosx_11_0_arm64.whl", hash = "sha256:30aaabee21b03920de502e6b975feb6d801e04ccbfd5a726b9cb6f86d5162ea9", size = 32890, upload-time = "2025-10-24T11:16:46.232Z" },
    { url = "https://files.pythonhosted.org/packages/d6/0a/01f50739e0a386988f53772cf7cdc7ff118e33c50c23a2e8171dba7d4d2d/yappi-1.7.3-cp313-cp313-manylinux2014_aarch64.manylinux_2_17_aarch64.manylinux_2_28_aarch64.whl", hash = "sha256:e900c3d923e669ffbd6a1f25b1d066a74f2eb813e628e49b867b191cff406b9d", size = 81978, upload-time = "2025-10-24T11:16:47.069Z" },
    { url = "https://files.pythonhosted.org/packages/e2/88/a16244166d5dfac2eddf6fc41d02a827e1ed9840abce98caa228edb7a29d/yappi-1.7.3-cp313-cp313-manylinux2014_x86_64.manylinux_2_17_x86_64.manylinux_2_28_x86_64.whl", hash = "sha256:585977229d6f5caa0c7680885b75de0ced391c69cc97fbea09982618ddb76750", size = 81585, upload-time = "2025-10-24T11:16:48.015Z" },
    { url = "https://files.pythonhosted.org/packages/dc/8e/3da20e2d0745a2ad15ee64ae4174d87acc885933b942fda91eb5af4b9148/yappi-1.7.3-cp313-cp313-musllinux_1_2_aarch64.whl", hash = "sha256:286f4126bf83c861dbf16d1f6623d07e88e38e3872e763c94ace8eade1c63cc4", size = 79321, upload-time = "2025-10-24T11:16:50.064Z" },
    { url = "https://files.pythonhosted.org/packages/f3/01/5a864164459e7e83d693507662b3edea362f7652158d65f140b966520ba8/yappi-1.7.3-cp313-cp313-musllinux_1_2_x86_64.whl", hash = "sha256:629c448699e9cd00c8a66e35b2fee829cac45a481ba1135ac26a54fc8d763d18", size = 79478, upload-time = "2025-10-24T11:16:51.704Z" },
    { url = "https://files.pythonhosted.org/packages/db/57/ff6320cc5bfca6f65bb17d82e2b11efadb433463d0dae70008a4753e4ad7/yappi-1.7.3-cp313-cp313-win32.whl", hash = "sha256:78a314b0a6dddc037e6abbde2658396c53a082f379b8bb8a4ded520796215044", size = 32596, upload-time = "2025-10-24T11:16:52.795Z" },
    { url = "https://files.pythonhosted.org/packages/9d/03/1f2dfe19e564fd270dc4aed475405e9136be7d10e77b1c114c1dbdfa9012/yappi-1.7.3-cp313-cp313-win_amd64.whl", hash = "sha256:9170c4ca0abd57fc21e0cde1dc01a940114194671c492758725eb2d3ce63050f", size = 34960, upload-time = "2025-10-24T11:16:53.932Z" },
    { url = "https://files.pythonhosted.org/packages/0e/c3/f88f5fe35ef23096c78822ea12c7e3321ef13a64a0487878b117f467c110/yappi-1.7.3-cp313-cp313-win_arm64.whl", hash = "sha256:e1331a3bef949c51edbe319090b9b1c6cc62315a766559ae901d1abd609216da", size = 32622, upload-time = "2025-10-24T11:16:54.794Z" },
    { url = "https://files.pythonhosted.org/packages/a2/61/e55f9d690e02fe21e082e771804fafa44877ddb6a0b6b909d9b1797f429b/yappi-1.7.3-cp314-cp314-macosx_10_15_x86_64.whl", hash = "sha256:80740ec24a41a1345af0b48dfc3d3a76c4fcde1d4b4182f385fe7b90b6a907c7", size = 33055, upload-time = "2025-10-24T11:16:55.677Z" },
    { url = "https://files.pythonhosted.org/packages/80/c7/f7d05e99eb36f526d509d9bbbc2edb0629e2261abda6f0406e8d7334d41e/yappi-1.7.3-cp314-cp314-macosx_11_0_arm64.whl", hash = "sha256:3071be6efb8eb2dd6104dd3afb6e95d05229494c48fcffd3e14546302438974b", size = 32916, upload-time = "2025-10-24T11:16:56.504Z" },
    { url = "https://files.pythonhosted.org/packages/64/3a/1e03393f754af27e0f750f51600f6dad527625d66a762cba1d0525655585/yappi-1.7.3-cp314-cp314-manylinux2014_aarch64.manylinux_2_17_aarch64.manylinux_2_28_aarch64.whl", hash = "sha256:5f4d2111cb748c5ba41b833a7e55dca9f2d3bc4bfaadc015e60580d3fc00b6db", size = 81995, upload-time = "2025-10-24T11:16:57.358Z" },
    { url = "https://files.pythonhosted.org/packages/8d/96/344db24ec28e8e2d0a55dadba03481f5c4ec4f9ac3ef59535337b92a8e41/yappi-1.7.3-cp314-cp314-manylinux2014_x86_64.manylinux_2_17_x86_64.manylinux_2_28_x86_64.whl", hash = "sha256:73752b0386af72464fc9d574dc17f51db495780aee60faa49fe138018efad12e", size = 81378, upload-time = "2025-10-24T11:16:58.596Z" },
    { url = "https://files.pythonhosted.org/packages/4e/00/5b70fe11fdfe6e1cbdaff2e315e542767d35798304730498d5e0e56c9922/yappi-1.7.3-cp314-cp314-musllinux_1_2_aarch64.whl", hash = "sha256:172da2c41c768edec9071028b12d34773aef7b109d0d642662170cd925d86e83", size = 79291, upload-time = "2025-10-24T11:16:59.474Z" },
    { url = "https://files.pythonhosted.org/packages/62/79/8609f6992ef8d7b20eab3f5ed3821390092e8b7207beee53eec7e82ac089/yappi-1.7.3-cp314-cp314-musllinux_1_2_x86_64.whl", hash = "sha256:2849c2f0f21628cfbcd5a7fa3175ae52340735624775ffb263a86ac5c6706e91", size = 79289, upload-time = "2025-10-24T11:17:00.435Z" },
    { url = "https://files.pythonhosted.org/packages/14/84/011f2df98543ee41837b473af69839b60b8401beff9e1083c39e58441bb6/yappi-1.7.3-cp314-cp314-win32.whl", hash = "sha256:2622e3ebf0a07cbcaca70800aa6090317182c6a7389e1428c913b5c82f77d352", size = 33165, upload-time = "2025-10-24T11:17:01.393Z" },
    { url = "https://files.pythonhosted.org/packages/1d/58/e11f0a7b762eeb8a089e7d5627412a55a6b5227bf35aa8055081ee1fc8e6/yappi-1.7.3-cp314-cp314-win_amd64.whl", hash = "sha256:056bdebc61eb394f53c74cae208ae0ab3811147a5671921dd1fa126d682d8337", size = 35557, upload-time = "2025-10-24T11:17:02.285Z" },
    { url = "https://files.pythonhosted.org/packages/72/8a/766065664ee74d2820f0b84fa89585ecdb61674dd1414c639c2bc063cd95/yappi-1.7.3-cp314-cp314-win_arm64.whl", hash = "sha256:a7d3227bfa4adbd65f6f9ad3b487534b040f2232ab2465af00a2122df15eacc5", size = 33183, upload-time = "2025-10-24T11:17:03.183Z" },
]
